{
  "originHash" : "8c667f9c4e304430fc2a7dd5319e1134263c2f8a7e33a8f781e17fdb5cb6e598",
  "pins" : [
    {
      "identity" : "grpc-swift",
      "kind" : "remoteSourceControl",
      "location" : "https://github.com/grpc/grpc-swift/",
      "state" : {
        "revision" : "c4d6281784f50bf2e60d3af45e83be1194056062",
        "version" : "2.1.2"
      }
    },
    {
      "identity" : "swift-collections",
      "kind" : "remoteSourceControl",
      "location" : "https://github.com/apple/swift-collections.git",
      "state" : {
        "revision" : "671108c96644956dddcd89dd59c203dcdb36cec7",
        "version" : "1.1.4"
      }
    }
  ],
  "version" : 3
}
